
Microsoft Visual Studio Solution File, Format Version 12.00
# Visual Studio 15
VisualStudioVersion = 15.0.27428.2043
MinimumVisualStudioVersion = 10.0.40219.1
Project("{888888A0-9F3D-457C-B088-3A5042F75D52}") = "orientacao_objeto", "orientacao_objeto\orientacao_objeto.pyproj", "{CBCFF4AD-FE0A-4B77-B73A-0CD5CFFD9E3E}"
EndProject
Global
	GlobalSection(SolutionConfigurationPlatforms) = preSolution
		Debug|Any CPU = Debug|Any CPU
		Release|Any CPU = Release|Any CPU
	EndGlobalSection
	GlobalSection(ProjectConfigurationPlatforms) = postSolution
		{CBCFF4AD-FE0A-4B77-B73A-0CD5CFFD9E3E}.Debug|Any CPU.ActiveCfg = Debug|Any CPU
		{CBCFF4AD-FE0A-4B77-B73A-0CD5CFFD9E3E}.Release|Any CPU.ActiveCfg = Release|Any CPU
	EndGlobalSection
	GlobalSection(SolutionProperties) = preSolution
		HideSolutionNode = FALSE
	EndGlobalSection
	GlobalSection(ExtensibilityGlobals) = postSolution
		SolutionGuid = {987D393F-9DDE-40F6-AAC5-91B03FCF4525}
	EndGlobalSection
EndGlobal
