
Microsoft Visual Studio Solution File, Format Version 12.00
# Visual Studio 15
VisualStudioVersion = 15.0.27428.2037
MinimumVisualStudioVersion = 10.0.40219.1
Project("{888888A0-9F3D-457C-B088-3A5042F75D52}") = "curso_python", "curso_python\curso_python.pyproj", "{501F891D-2CA5-4AB0-ADD8-2657767F82AF}"
EndProject
Global
	GlobalSection(SolutionConfigurationPlatforms) = preSolution
		Debug|Any CPU = Debug|Any CPU
		Release|Any CPU = Release|Any CPU
	EndGlobalSection
	GlobalSection(ProjectConfigurationPlatforms) = postSolution
		{501F891D-2CA5-4AB0-ADD8-2657767F82AF}.Debug|Any CPU.ActiveCfg = Debug|Any CPU
		{501F891D-2CA5-4AB0-ADD8-2657767F82AF}.Release|Any CPU.ActiveCfg = Release|Any CPU
	EndGlobalSection
	GlobalSection(SolutionProperties) = preSolution
		HideSolutionNode = FALSE
	EndGlobalSection
	GlobalSection(ExtensibilityGlobals) = postSolution
		SolutionGuid = {D4775577-A66B-4AA9-B285-5EC15AC4911E}
	EndGlobalSection
EndGlobal
